
Microsoft Visual Studio Solution File, Format Version 12.00
# Visual Studio Version 17
VisualStudioVersion = 17.11.35312.102
MinimumVisualStudioVersion = 10.0.40219.1
Project("{FAE04EC0-301F-11D3-BF4B-00C04F79EFBC}") = "MVC Agile Process", "MVC Agile Process\MVC Agile Process.csproj", "{54EB434B-F017-4404-A453-9664FD9A4825}"
EndProject
Global
	GlobalSection(SolutionConfigurationPlatforms) = preSolution
		Debug|Any CPU = Debug|Any CPU
		Release|Any CPU = Release|Any CPU
	EndGlobalSection
	GlobalSection(ProjectConfigurationPlatforms) = postSolution
		{54EB434B-F017-4404-A453-9664FD9A4825}.Debug|Any CPU.ActiveCfg = Debug|Any CPU
		{54EB434B-F017-4404-A453-9664FD9A4825}.Debug|Any CPU.Build.0 = Debug|Any CPU
		{54EB434B-F017-4404-A453-9664FD9A4825}.Release|Any CPU.ActiveCfg = Release|Any CPU
		{54EB434B-F017-4404-A453-9664FD9A4825}.Release|Any CPU.Build.0 = Release|Any CPU
	EndGlobalSection
	GlobalSection(SolutionProperties) = preSolution
		HideSolutionNode = FALSE
	EndGlobalSection
	GlobalSection(ExtensibilityGlobals) = postSolution
		SolutionGuid = {5AA274FA-617C-4442-973F-1320042774A9}
	EndGlobalSection
EndGlobal
